
Microsoft Visual Studio Solution File, Format Version 12.00
# Visual Studio Version 17
VisualStudioVersion = 17.13.35825.156
MinimumVisualStudioVersion = 10.0.40219.1
Project("{FAE04EC0-301F-11D3-BF4B-00C04F79EFBC}") = "MyPortfolio.Infrastructure", "MyPortfolio.Infrastructure\MyPortfolio.Infrastructure.csproj", "{8EFD76DE-A38B-414B-92DC-056764DF2646}"
EndProject
Project("{FAE04EC0-301F-11D3-BF4B-00C04F79EFBC}") = "MyPortfolio.Application", "MyPortfolio.Application\MyPortfolio.Application.csproj", "{B711B6BF-C2EC-47E9-A677-1E7ABA10696A}"
EndProject
Project("{FAE04EC0-301F-11D3-BF4B-00C04F79EFBC}") = "MyPortfolio.Domain", "MyPortfolio.Domain\MyPortfolio.Domain.csproj", "{EBDD015C-7CD0-470F-9A51-AB21E0762A62}"
EndProject
Project("{FAE04EC0-301F-11D3-BF4B-00C04F79EFBC}") = "MyPortfolio.EndPoint_UI", "MyPortfolio.EndPoint_UI\MyPortfolio.EndPoint_UI.csproj", "{C536161B-EFBB-4C74-B721-C4AE295719B9}"
EndProject
Global
	GlobalSection(SolutionConfigurationPlatforms) = preSolution
		Debug|Any CPU = Debug|Any CPU
		Release|Any CPU = Release|Any CPU
	EndGlobalSection
	GlobalSection(ProjectConfigurationPlatforms) = postSolution
		{8EFD76DE-A38B-414B-92DC-056764DF2646}.Debug|Any CPU.ActiveCfg = Debug|Any CPU
		{8EFD76DE-A38B-414B-92DC-056764DF2646}.Debug|Any CPU.Build.0 = Debug|Any CPU
		{8EFD76DE-A38B-414B-92DC-056764DF2646}.Release|Any CPU.ActiveCfg = Release|Any CPU
		{8EFD76DE-A38B-414B-92DC-056764DF2646}.Release|Any CPU.Build.0 = Release|Any CPU
		{B711B6BF-C2EC-47E9-A677-1E7ABA10696A}.Debug|Any CPU.ActiveCfg = Debug|Any CPU
		{B711B6BF-C2EC-47E9-A677-1E7ABA10696A}.Debug|Any CPU.Build.0 = Debug|Any CPU
		{B711B6BF-C2EC-47E9-A677-1E7ABA10696A}.Release|Any CPU.ActiveCfg = Release|Any CPU
		{B711B6BF-C2EC-47E9-A677-1E7ABA10696A}.Release|Any CPU.Build.0 = Release|Any CPU
		{EBDD015C-7CD0-470F-9A51-AB21E0762A62}.Debug|Any CPU.ActiveCfg = Debug|Any CPU
		{EBDD015C-7CD0-470F-9A51-AB21E0762A62}.Debug|Any CPU.Build.0 = Debug|Any CPU
		{EBDD015C-7CD0-470F-9A51-AB21E0762A62}.Release|Any CPU.ActiveCfg = Release|Any CPU
		{EBDD015C-7CD0-470F-9A51-AB21E0762A62}.Release|Any CPU.Build.0 = Release|Any CPU
		{C536161B-EFBB-4C74-B721-C4AE295719B9}.Debug|Any CPU.ActiveCfg = Debug|Any CPU
		{C536161B-EFBB-4C74-B721-C4AE295719B9}.Debug|Any CPU.Build.0 = Debug|Any CPU
		{C536161B-EFBB-4C74-B721-C4AE295719B9}.Release|Any CPU.ActiveCfg = Release|Any CPU
		{C536161B-EFBB-4C74-B721-C4AE295719B9}.Release|Any CPU.Build.0 = Release|Any CPU
	EndGlobalSection
	GlobalSection(SolutionProperties) = preSolution
		HideSolutionNode = FALSE
	EndGlobalSection
	GlobalSection(ExtensibilityGlobals) = postSolution
		SolutionGuid = {E8B980A1-BB4C-4DDF-BACB-0F6F9381C86A}
	EndGlobalSection
EndGlobal
